
Microsoft Visual Studio Solution File, Format Version 12.00
# Visual Studio Version 17
VisualStudioVersion = 17.4.33205.214
MinimumVisualStudioVersion = 10.0.40219.1
Project("{FAE04EC0-301F-11D3-BF4B-00C04F79EFBC}") = "Dandelion.NET.Core.MVC.MPA", "Dandelion.NET.Core.MVC.MPA.csproj", "{6F89B288-C11E-4516-A834-520595C1CF5A}"
EndProject
Global
	GlobalSection(SolutionConfigurationPlatforms) = preSolution
		Debug|Any CPU = Debug|Any CPU
		Release|Any CPU = Release|Any CPU
	EndGlobalSection
	GlobalSection(ProjectConfigurationPlatforms) = postSolution
		{6F89B288-C11E-4516-A834-520595C1CF5A}.Debug|Any CPU.ActiveCfg = Debug|Any CPU
		{6F89B288-C11E-4516-A834-520595C1CF5A}.Debug|Any CPU.Build.0 = Debug|Any CPU
		{6F89B288-C11E-4516-A834-520595C1CF5A}.Release|Any CPU.ActiveCfg = Release|Any CPU
		{6F89B288-C11E-4516-A834-520595C1CF5A}.Release|Any CPU.Build.0 = Release|Any CPU
	EndGlobalSection
	GlobalSection(SolutionProperties) = preSolution
		HideSolutionNode = FALSE
	EndGlobalSection
	GlobalSection(ExtensibilityGlobals) = postSolution
		SolutionGuid = {03139221-E00A-44D5-9488-BFA196005B68}
	EndGlobalSection
EndGlobal
